
Microsoft Visual Studio Solution File, Format Version 12.00
# Visual Studio Version 17
VisualStudioVersion = 17.7.34024.191
MinimumVisualStudioVersion = 10.0.40219.1
Project("{FAE04EC0-301F-11D3-BF4B-00C04F79EFBC}") = "WebAPI", "WebAPI.csproj", "{37D50032-D622-4F38-BAAC-06970F966E65}"
EndProject
Global
	GlobalSection(SolutionConfigurationPlatforms) = preSolution
		Debug|Any CPU = Debug|Any CPU
		Release|Any CPU = Release|Any CPU
	EndGlobalSection
	GlobalSection(ProjectConfigurationPlatforms) = postSolution
		{37D50032-D622-4F38-BAAC-06970F966E65}.Debug|Any CPU.ActiveCfg = Debug|Any CPU
		{37D50032-D622-4F38-BAAC-06970F966E65}.Debug|Any CPU.Build.0 = Debug|Any CPU
		{37D50032-D622-4F38-BAAC-06970F966E65}.Release|Any CPU.ActiveCfg = Release|Any CPU
		{37D50032-D622-4F38-BAAC-06970F966E65}.Release|Any CPU.Build.0 = Release|Any CPU
	EndGlobalSection
	GlobalSection(SolutionProperties) = preSolution
		HideSolutionNode = FALSE
	EndGlobalSection
	GlobalSection(ExtensibilityGlobals) = postSolution
		SolutionGuid = {59A1CB9A-BA35-446A-8627-6304829F5460}
	EndGlobalSection
EndGlobal
